
Microsoft Visual Studio Solution File, Format Version 12.00
# Visual Studio Version 17
VisualStudioVersion = 17.11.35222.181
MinimumVisualStudioVersion = 10.0.40219.1
Project("{FAE04EC0-301F-11D3-BF4B-00C04F79EFBC}") = "KASD-Lab#5", "KASD-Lab#5\KASD-Lab#5.csproj", "{18C4FCD2-179F-4811-8679-A417DA1D09B5}"
EndProject
Global
	GlobalSection(SolutionConfigurationPlatforms) = preSolution
		Debug|Any CPU = Debug|Any CPU
		Release|Any CPU = Release|Any CPU
	EndGlobalSection
	GlobalSection(ProjectConfigurationPlatforms) = postSolution
		{18C4FCD2-179F-4811-8679-A417DA1D09B5}.Debug|Any CPU.ActiveCfg = Debug|Any CPU
		{18C4FCD2-179F-4811-8679-A417DA1D09B5}.Debug|Any CPU.Build.0 = Debug|Any CPU
		{18C4FCD2-179F-4811-8679-A417DA1D09B5}.Release|Any CPU.ActiveCfg = Release|Any CPU
		{18C4FCD2-179F-4811-8679-A417DA1D09B5}.Release|Any CPU.Build.0 = Release|Any CPU
	EndGlobalSection
	GlobalSection(SolutionProperties) = preSolution
		HideSolutionNode = FALSE
	EndGlobalSection
	GlobalSection(ExtensibilityGlobals) = postSolution
		SolutionGuid = {3EEF5C70-D392-4801-9E7C-691F8C2B8352}
	EndGlobalSection
EndGlobal
