
Microsoft Visual Studio Solution File, Format Version 12.00
# Visual Studio Version 17
VisualStudioVersion = 17.11.35222.181
MinimumVisualStudioVersion = 10.0.40219.1
Project("{FAE04EC0-301F-11D3-BF4B-00C04F79EFBC}") = "KASD-Lab#9", "KASD-Lab#9\KASD-Lab#9.csproj", "{877E7F75-6D4B-43A3-B7E7-6B78044B5856}"
EndProject
Global
	GlobalSection(SolutionConfigurationPlatforms) = preSolution
		Debug|Any CPU = Debug|Any CPU
		Release|Any CPU = Release|Any CPU
	EndGlobalSection
	GlobalSection(ProjectConfigurationPlatforms) = postSolution
		{877E7F75-6D4B-43A3-B7E7-6B78044B5856}.Debug|Any CPU.ActiveCfg = Debug|Any CPU
		{877E7F75-6D4B-43A3-B7E7-6B78044B5856}.Debug|Any CPU.Build.0 = Debug|Any CPU
		{877E7F75-6D4B-43A3-B7E7-6B78044B5856}.Release|Any CPU.ActiveCfg = Release|Any CPU
		{877E7F75-6D4B-43A3-B7E7-6B78044B5856}.Release|Any CPU.Build.0 = Release|Any CPU
	EndGlobalSection
	GlobalSection(SolutionProperties) = preSolution
		HideSolutionNode = FALSE
	EndGlobalSection
	GlobalSection(ExtensibilityGlobals) = postSolution
		SolutionGuid = {628B6358-1E1E-4594-84DF-9CBE7134B380}
	EndGlobalSection
EndGlobal
